
Microsoft Visual Studio Solution File, Format Version 12.00
# Visual Studio 15
VisualStudioVersion = 15.0.27130.2027
MinimumVisualStudioVersion = 10.0.40219.1
Project("{9A19103F-16F7-4668-BE54-9A1E7A4F7556}") = "Vega.Web", "src\Client\Vega.Web\Vega.Web.csproj", "{63E63FA1-41CE-4CC7-826E-753CA99A73B0}"
EndProject
Project("{FAE04EC0-301F-11D3-BF4B-00C04F79EFBC}") = "Vega.Core", "src\Server\Vega.Core\Vega.Core.csproj", "{FBBBE0F0-B69A-494C-B516-7FFF6FA25F6E}"
EndProject
Project("{FAE04EC0-301F-11D3-BF4B-00C04F79EFBC}") = "Vega.Infra", "src\Server\Vega.Infra\Vega.Infra.csproj", "{A59B0459-5316-443F-B8CE-040B6BA8DC91}"
EndProject
Global
	GlobalSection(SolutionConfigurationPlatforms) = preSolution
		Debug|Any CPU = Debug|Any CPU
		Release|Any CPU = Release|Any CPU
	EndGlobalSection
	GlobalSection(ProjectConfigurationPlatforms) = postSolution
		{63E63FA1-41CE-4CC7-826E-753CA99A73B0}.Debug|Any CPU.ActiveCfg = Debug|Any CPU
		{63E63FA1-41CE-4CC7-826E-753CA99A73B0}.Debug|Any CPU.Build.0 = Debug|Any CPU
		{63E63FA1-41CE-4CC7-826E-753CA99A73B0}.Release|Any CPU.ActiveCfg = Release|Any CPU
		{63E63FA1-41CE-4CC7-826E-753CA99A73B0}.Release|Any CPU.Build.0 = Release|Any CPU
		{FBBBE0F0-B69A-494C-B516-7FFF6FA25F6E}.Debug|Any CPU.ActiveCfg = Debug|Any CPU
		{FBBBE0F0-B69A-494C-B516-7FFF6FA25F6E}.Debug|Any CPU.Build.0 = Debug|Any CPU
		{FBBBE0F0-B69A-494C-B516-7FFF6FA25F6E}.Release|Any CPU.ActiveCfg = Release|Any CPU
		{FBBBE0F0-B69A-494C-B516-7FFF6FA25F6E}.Release|Any CPU.Build.0 = Release|Any CPU
		{A59B0459-5316-443F-B8CE-040B6BA8DC91}.Debug|Any CPU.ActiveCfg = Debug|Any CPU
		{A59B0459-5316-443F-B8CE-040B6BA8DC91}.Debug|Any CPU.Build.0 = Debug|Any CPU
		{A59B0459-5316-443F-B8CE-040B6BA8DC91}.Release|Any CPU.ActiveCfg = Release|Any CPU
		{A59B0459-5316-443F-B8CE-040B6BA8DC91}.Release|Any CPU.Build.0 = Release|Any CPU
	EndGlobalSection
	GlobalSection(SolutionProperties) = preSolution
		HideSolutionNode = FALSE
	EndGlobalSection
	GlobalSection(ExtensibilityGlobals) = postSolution
		SolutionGuid = {2121AF78-470D-4D3C-B11D-DEA6B36DC7A2}
	EndGlobalSection
EndGlobal
